
Microsoft Visual Studio Solution File, Format Version 12.00
# Visual Studio Version 16
VisualStudioVersion = 16.0.31702.278
MinimumVisualStudioVersion = 10.0.40219.1
Project("{9A19103F-16F7-4668-BE54-9A1E7A4F7556}") = "WhereIsMyShow", "BookMyShow\WhereIsMyShow.csproj", "{52B4919D-2926-4E0F-B3BA-CECF95998CF7}"
EndProject
Global
	GlobalSection(SolutionConfigurationPlatforms) = preSolution
		Debug|Any CPU = Debug|Any CPU
		Release|Any CPU = Release|Any CPU
	EndGlobalSection
	GlobalSection(ProjectConfigurationPlatforms) = postSolution
		{52B4919D-2926-4E0F-B3BA-CECF95998CF7}.Debug|Any CPU.ActiveCfg = Debug|Any CPU
		{52B4919D-2926-4E0F-B3BA-CECF95998CF7}.Debug|Any CPU.Build.0 = Debug|Any CPU
		{52B4919D-2926-4E0F-B3BA-CECF95998CF7}.Release|Any CPU.ActiveCfg = Release|Any CPU
		{52B4919D-2926-4E0F-B3BA-CECF95998CF7}.Release|Any CPU.Build.0 = Release|Any CPU
	EndGlobalSection
	GlobalSection(SolutionProperties) = preSolution
		HideSolutionNode = FALSE
	EndGlobalSection
	GlobalSection(ExtensibilityGlobals) = postSolution
		SolutionGuid = {EBA269C9-ABD2-452F-9B35-9F1CFACCBDF7}
	EndGlobalSection
EndGlobal
